
Microsoft Visual Studio Solution File, Format Version 12.00
# Visual Studio Version 16
VisualStudioVersion = 16.0.31105.61
MinimumVisualStudioVersion = 10.0.40219.1
Project("{9A19103F-16F7-4668-BE54-9A1E7A4F7556}") = "topDownShooterProject", "topDownShooterProject.csproj", "{BC5CC993-6995-49A9-B4A0-03BABF95C90D}"
EndProject
Global
	GlobalSection(SolutionConfigurationPlatforms) = preSolution
		Debug|Any CPU = Debug|Any CPU
		Release|Any CPU = Release|Any CPU
	EndGlobalSection
	GlobalSection(ProjectConfigurationPlatforms) = postSolution
		{BC5CC993-6995-49A9-B4A0-03BABF95C90D}.Debug|Any CPU.ActiveCfg = Debug|Any CPU
		{BC5CC993-6995-49A9-B4A0-03BABF95C90D}.Debug|Any CPU.Build.0 = Debug|Any CPU
		{BC5CC993-6995-49A9-B4A0-03BABF95C90D}.Release|Any CPU.ActiveCfg = Release|Any CPU
		{BC5CC993-6995-49A9-B4A0-03BABF95C90D}.Release|Any CPU.Build.0 = Release|Any CPU
	EndGlobalSection
	GlobalSection(SolutionProperties) = preSolution
		HideSolutionNode = FALSE
	EndGlobalSection
	GlobalSection(ExtensibilityGlobals) = postSolution
		SolutionGuid = {FAF8CD06-488C-4172-B2EC-09BCDB65AB77}
	EndGlobalSection
EndGlobal
